
Microsoft Visual Studio Solution File, Format Version 12.00
# Visual Studio Version 16
VisualStudioVersion = 16.0.31515.178
MinimumVisualStudioVersion = 10.0.40219.1
Project("{FAE04EC0-301F-11D3-BF4B-00C04F79EFBC}") = "Enterwell.AutoMapper.Extensions", "Enterwell.AutoMapper.Extensions\Enterwell.AutoMapper.Extensions.csproj", "{2CD6AD1C-88AC-4F59-B938-E16D4B2D91FA}"
EndProject
Project("{FAE04EC0-301F-11D3-BF4B-00C04F79EFBC}") = "Enterwell.AutoMapper.Extensions.Tests", "Enterwell.AutoMapper.Extensions.Tests\Enterwell.AutoMapper.Extensions.Tests.csproj", "{40BB2CA5-DE35-4B54-9A42-4DDF18C7BEB1}"
EndProject
Global
	GlobalSection(SolutionConfigurationPlatforms) = preSolution
		Debug|Any CPU = Debug|Any CPU
		Release|Any CPU = Release|Any CPU
	EndGlobalSection
	GlobalSection(ProjectConfigurationPlatforms) = postSolution
		{2CD6AD1C-88AC-4F59-B938-E16D4B2D91FA}.Debug|Any CPU.ActiveCfg = Debug|Any CPU
		{2CD6AD1C-88AC-4F59-B938-E16D4B2D91FA}.Debug|Any CPU.Build.0 = Debug|Any CPU
		{2CD6AD1C-88AC-4F59-B938-E16D4B2D91FA}.Release|Any CPU.ActiveCfg = Release|Any CPU
		{2CD6AD1C-88AC-4F59-B938-E16D4B2D91FA}.Release|Any CPU.Build.0 = Release|Any CPU
		{40BB2CA5-DE35-4B54-9A42-4DDF18C7BEB1}.Debug|Any CPU.ActiveCfg = Debug|Any CPU
		{40BB2CA5-DE35-4B54-9A42-4DDF18C7BEB1}.Debug|Any CPU.Build.0 = Debug|Any CPU
		{40BB2CA5-DE35-4B54-9A42-4DDF18C7BEB1}.Release|Any CPU.ActiveCfg = Release|Any CPU
		{40BB2CA5-DE35-4B54-9A42-4DDF18C7BEB1}.Release|Any CPU.Build.0 = Release|Any CPU
	EndGlobalSection
	GlobalSection(SolutionProperties) = preSolution
		HideSolutionNode = FALSE
	EndGlobalSection
	GlobalSection(ExtensibilityGlobals) = postSolution
		SolutionGuid = {E09BDF02-2384-4C0E-9FE1-52BE8D93091F}
	EndGlobalSection
EndGlobal
